
Microsoft Visual Studio Solution File, Format Version 12.00
# Visual Studio 2013
VisualStudioVersion = 12.0.21005.1
MinimumVisualStudioVersion = 10.0.40219.1
Project("{FAE04EC0-301F-11D3-BF4B-00C04F79EFBC}") = "ExcelExtensions", "ExcelExtensions\ExcelExtensions.csproj", "{7370D4D3-E75D-4663-BF9C-F0807721502E}"
EndProject
Project("{2150E333-8FDC-42A3-9474-1A3956D46DE8}") = "Solution Items", "Solution Items", "{D84F9647-ABFD-4877-AAD9-7603BFC8C60E}"
	ProjectSection(SolutionItems) = preProject
		README.md = README.md
	EndProjectSection
EndProject
Global
	GlobalSection(SolutionConfigurationPlatforms) = preSolution
		Debug|Any CPU = Debug|Any CPU
		Release|Any CPU = Release|Any CPU
	EndGlobalSection
	GlobalSection(ProjectConfigurationPlatforms) = postSolution
		{7370D4D3-E75D-4663-BF9C-F0807721502E}.Debug|Any CPU.ActiveCfg = Debug|Any CPU
		{7370D4D3-E75D-4663-BF9C-F0807721502E}.Debug|Any CPU.Build.0 = Debug|Any CPU
		{7370D4D3-E75D-4663-BF9C-F0807721502E}.Release|Any CPU.ActiveCfg = Release|Any CPU
		{7370D4D3-E75D-4663-BF9C-F0807721502E}.Release|Any CPU.Build.0 = Release|Any CPU
	EndGlobalSection
	GlobalSection(SolutionProperties) = preSolution
		HideSolutionNode = FALSE
	EndGlobalSection
EndGlobal
